// !$*UTF8*$!
{
	archiveVersion = 1;
	classes = {
	};
	objectVersion = 50;
	objects = {

/* Begin PBXBuildFile section */
		40B6CA342505CE0A0098488E /* AppDelegate.swift in Sources */ = {isa = PBXBuildFile; fileRef = 40B6CA332505CE0A0098488E /* AppDelegate.swift */; };
		40B6CA362505CE0A0098488E /* SceneDelegate.swift in Sources */ = {isa = PBXBuildFile; fileRef = 40B6CA352505CE0A0098488E /* SceneDelegate.swift */; };
		40B6CA382505CE0A0098488E /* ViewController.swift in Sources */ = {isa = PBXBuildFile; fileRef = 40B6CA372505CE0A0098488E /* ViewController.swift */; };
		40B6CA3B2505CE0A0098488E /* Main.storyboard in Resources */ = {isa = PBXBuildFile; fileRef = 40B6CA392505CE0A0098488E /* Main.storyboard */; };
		40B6CA3D2505CE110098488E /* Assets.xcassets in Resources */ = {isa = PBXBuildFile; fileRef = 40B6CA3C2505CE110098488E /* Assets.xcassets */; };
		40B6CA402505CE110098488E /* LaunchScreen.storyboard in Resources */ = {isa = PBXBuildFile; fileRef = 40B6CA3E2505CE110098488E /* LaunchScreen.storyboard */; };
		40B6CA4B2505CE110098488E /* tipTests.swift in Sources */ = {isa = PBXBuildFile; fileRef = 40B6CA4A2505CE110098488E /* tipTests.swift */; };
		40B6CA562505CE120098488E /* tipUITests.swift in Sources */ = {isa = PBXBuildFile; fileRef = 40B6CA552505CE120098488E /* tipUITests.swift */; };
/* End PBXBuildFile section */

/* Begin PBXContainerItemProxy section */
		40B6CA472505CE110098488E /* PBXContainerItemProxy */ = {
			isa = PBXContainerItemProxy;
			containerPortal = 40B6CA282505CE0A0098488E /* Project object */;
			proxyType = 1;
			remoteGlobalIDString = 40B6CA2F2505CE0A0098488E;
			remoteInfo = tip;
		};
		40B6CA522505CE120098488E /* PBXContainerItemProxy */ = {
			isa = PBXContainerItemProxy;
			containerPortal = 40B6CA282505CE0A0098488E /* Project object */;
			proxyType = 1;
			remoteGlobalIDString = 40B6CA2F2505CE0A0098488E;
			remoteInfo = tip;
		};
/* End PBXContainerItemProxy section */

/* Begin PBXFileReference section */
		40B6CA302505CE0A0098488E /* tip.app */ = {isa = PBXFileReference; explicitFileType = wrapper.application; includeInIndex = 0; path = tip.app; sourceTree = BUILT_PRODUCTS_DIR; };
		40B6CA332505CE0A0098488E /* AppDelegate.swift */ = {isa = PBXFileReference; lastKnownFileType = sourcecode.swift; path = AppDelegate.swift; sourceTree = "<group>"; };
		40B6CA352505CE0A0098488E /* SceneDelegate.swift */ = {isa = PBXFileReference; lastKnownFileType = sourcecode.swift; path = SceneDelegate.swift; sourceTree = "<group>"; };
		40B6CA372505CE0A0098488E /* ViewController.swift */ = {isa = PBXFileReference; lastKnownFileType = sourcecode.swift; path = ViewController.swift; sourceTree = "<group>"; };
		40B6CA3A2505CE0A0098488E /* Base */ = {isa = PBXFileReference; lastKnownFileType = file.storyboard; name = Base; path = Base.lproj/Main.storyboard; sourceTree = "<group>"; };
		40B6CA3C2505CE110098488E /* Assets.xcassets */ = {isa = PBXFileReference; lastKnownFileType = folder.assetcatalog; path = Assets.xcassets; sourceTree = "<group>"; };
		40B6CA3F2505CE110098488E /* Base */ = {isa = PBXFileReference; lastKnownFileType = file.storyboard; name = Base; path = Base.lproj/LaunchScreen.storyboard; sourceTree = "<group>"; };
		40B6CA412505CE110098488E /* Info.plist */ = {isa = PBXFileReference; lastKnownFileType = text.plist.xml; path = Info.plist; sourceTree = "<group>"; };
		40B6CA462505CE110098488E /* tipTests.xctest */ = {isa = PBXFileReference; explicitFileType = wrapper.cfbundle; includeInIndex = 0; path = tipTests.xctest; sourceTree = BUILT_PRODUCTS_DIR; };
		40B6CA4A2505CE110098488E /* tipTests.swift */ = {isa = PBXFileReference; lastKnownFileType = sourcecode.swift; path = tipTests.swift; sourceTree = "<group>"; };
		40B6CA4C2505CE110098488E /* Info.plist */ = {isa = PBXFileReference; lastKnownFileType = text.plist.xml; path = Info.plist; sourceTree = "<group>"; };
		40B6CA512505CE120098488E /* tipUITests.xctest */ = {isa = PBXFileReference; explicitFileType = wrapper.cfbundle; includeInIndex = 0; path = tipUITests.xctest; sourceTree = BUILT_PRODUCTS_DIR; };
		40B6CA552505CE120098488E /* tipUITests.swift */ = {isa = PBXFileReference; lastKnownFileType = sourcecode.swift; path = tipUITests.swift; sourceTree = "<group>"; };
		40B6CA572505CE120098488E /* Info.plist */ = {isa = PBXFileReference; lastKnownFileType = text.plist.xml; path = Info.plist; sourceTree = "<group>"; };
/* End PBXFileReference section */

/* Begin PBXFrameworksBuildPhase section */
		40B6CA2D2505CE0A0098488E /* Frameworks */ = {
			isa = PBXFrameworksBuildPhase;
			buildActionMask = 2147483647;
			files = (
			);
			runOnlyForDeploymentPostprocessing = 0;
		};
		40B6CA432505CE110098488E /* Frameworks */ = {
			isa = PBXFrameworksBuildPhase;
			buildActionMask = 2147483647;
			files = (
			);
			runOnlyForDeploymentPostprocessing = 0;
		};
		40B6CA4E2505CE120098488E /* Frameworks */ = {
			isa = PBXFrameworksBuildPhase;
			buildActionMask = 2147483647;
			files = (
			);
			runOnlyForDeploymentPostprocessing = 0;
		};
/* End PBXFrameworksBuildPhase section */

/* Begin PBXGroup section */
		40B6CA272505CE0A0098488E = {
			isa = PBXGroup;
			children = (
				40B6CA322505CE0A0098488E /* tip */,
				40B6CA492505CE110098488E /* tipTests */,
				40B6CA542505CE120098488E /* tipUITests */,
				40B6CA312505CE0A0098488E /* Products */,
			);
			sourceTree = "<group>";
		};
		40B6CA312505CE0A0098488E /* Products */ = {
			isa = PBXGroup;
			children = (
				40B6CA302505CE0A0098488E /* tip.app */,
				40B6CA462505CE110098488E /* tipTests.xctest */,
				40B6CA512505CE120098488E /* tipUITests.xctest */,
			);
			name = Products;
			sourceTree = "<group>";
		};
		40B6CA322505CE0A0098488E /* tip */ = {
			isa = PBXGroup;
			children = (
				40B6CA332505CE0A0098488E /* AppDelegate.swift */,
				40B6CA352505CE0A0098488E /* SceneDelegate.swift */,
				40B6CA372505CE0A0098488E /* ViewController.swift */,
				40B6CA392505CE0A0098488E /* Main.storyboard */,
				40B6CA3C2505CE110098488E /* Assets.xcassets */,
				40B6CA3E2505CE110098488E /* LaunchScreen.storyboard */,
				40B6CA412505CE110098488E /* Info.plist */,
			);
			path = tip;
			sourceTree = "<group>";
		};
		40B6CA492505CE110098488E /* tipTests */ = {
			isa = PBXGroup;
			children = (
				40B6CA4A2505CE110098488E /* tipTests.swift */,
				40B6CA4C2505CE110098488E /* Info.plist */,
			);
			path = tipTests;
			sourceTree = "<group>";
		};
		40B6CA542505CE120098488E /* tipUITests */ = {
			isa = PBXGroup;
			children = (
				40B6CA552505CE120098488E /* tipUITests.swift */,
				40B6CA572505CE120098488E /* Info.plist */,
			);
			path = tipUITests;
			sourceTree = "<group>";
		};
/* End PBXGroup section */

/* Begin PBXNativeTarget section */
		40B6CA2F2505CE0A0098488E /* tip */ = {
			isa = PBXNativeTarget;
			buildConfigurationList = 40B6CA5A2505CE120098488E /* Build configuration list for PBXNativeTarget "tip" */;
			buildPhases = (
				40B6CA2C2505CE0A0098488E /* Sources */,
				40B6CA2D2505CE0A0098488E /* Frameworks */,
				40B6CA2E2505CE0A0098488E /* Resources */,
			);
			buildRules = (
			);
			dependencies = (
			);
			name = tip;
			productName = tip;
			productReference = 40B6CA302505CE0A0098488E /* tip.app */;
			productType = "com.apple.product-type.application";
		};
		40B6CA452505CE110098488E /* tipTests */ = {
			isa = PBXNativeTarget;
			buildConfigurationList = 40B6CA5D2505CE120098488E /* Build configuration list for PBXNativeTarget "tipTests" */;
			buildPhases = (
				40B6CA422505CE110098488E /* Sources */,
				40B6CA432505CE110098488E /* Frameworks */,
				40B6CA442505CE110098488E /* Resources */,
			);
			buildRules = (
			);
			dependencies = (
				40B6CA482505CE110098488E /* PBXTargetDependency */,
			);
			name = tipTests;
			productName = tipTests;
			productReference = 40B6CA462505CE110098488E /* tipTests.xctest */;
			productType = "com.apple.product-type.bundle.unit-test";
		};
		40B6CA502505CE120098488E /* tipUITests */ = {
			isa = PBXNativeTarget;
			buildConfigurationList = 40B6CA602505CE120098488E /* Build configuration list for PBXNativeTarget "tipUITests" */;
			buildPhases = (
				40B6CA4D2505CE120098488E /* Sources */,
				40B6CA4E2505CE120098488E /* Frameworks */,
				40B6CA4F2505CE120098488E /* Resources */,
			);
			buildRules = (
			);
			dependencies = (
				40B6CA532505CE120098488E /* PBXTargetDependency */,
			);
			name = tipUITests;
			productName = tipUITests;
			productReference = 40B6CA512505CE120098488E /* tipUITests.xctest */;
			productType = "com.apple.product-type.bundle.ui-testing";
		};
/* End PBXNativeTarget section */

/* Begin PBXProject section */
		40B6CA282505CE0A0098488E /* Project object */ = {
			isa = PBXProject;
			attributes = {
				LastSwiftUpdateCheck = 1140;
				LastUpgradeCheck = 1140;
				ORGANIZATIONNAME = Codepath;
				TargetAttributes = {
					40B6CA2F2505CE0A0098488E = {
						CreatedOnToolsVersion = 11.4.1;
					};
					40B6CA452505CE110098488E = {
						CreatedOnToolsVersion = 11.4.1;
						TestTargetID = 40B6CA2F2505CE0A0098488E;
					};
					40B6CA502505CE120098488E = {
						CreatedOnToolsVersion = 11.4.1;
						TestTargetID = 40B6CA2F2505CE0A0098488E;
					};
				};
			};
			buildConfigurationList = 40B6CA2B2505CE0A0098488E /* Build configuration list for PBXProject "tip" */;
			compatibilityVersion = "Xcode 9.3";
			developmentRegion = en;
			hasScannedForEncodings = 0;
			knownRegions = (
				en,
				Base,
			);
			mainGroup = 40B6CA272505CE0A0098488E;
			productRefGroup = 40B6CA312505CE0A0098488E /* Products */;
			projectDirPath = "";
			projectRoot = "";
			targets = (
				40B6CA2F2505CE0A0098488E /* tip */,
				40B6CA452505CE110098488E /* tipTests */,
				40B6CA502505CE120098488E /* tipUITests */,
			);
		};
/* End PBXProject section */

/* Begin PBXResourcesBuildPhase section */
		40B6CA2E2505CE0A0098488E /* Resources */ = {
			isa = PBXResourcesBuildPhase;
			buildActionMask = 2147483647;
			files = (
				40B6CA402505CE110098488E /* LaunchScreen.storyboard in Resources */,
				40B6CA3D2505CE110098488E /* Assets.xcassets in Resources */,
				40B6CA3B2505CE0A0098488E /* Main.storyboard in Resources */,
			);
			runOnlyForDeploymentPostprocessing = 0;
		};
		40B6CA442505CE110098488E /* Resources */ = {
			isa = PBXResourcesBuildPhase;
			buildActionMask = 2147483647;
			files = (
			);
			runOnlyForDeploymentPostprocessing = 0;
		};
		40B6CA4F2505CE120098488E /* Resources */ = {
			isa = PBXResourcesBuildPhase;
			buildActionMask = 2147483647;
			files = (
			);
			runOnlyForDeploymentPostprocessing = 0;
		};
/* End PBXResourcesBuildPhase section */

/* Begin PBXSourcesBuildPhase section */
		40B6CA2C2505CE0A0098488E /* Sources */ = {
			isa = PBXSourcesBuildPhase;
			buildActionMask = 2147483647;
			files = (
				40B6CA382505CE0A0098488E /* ViewController.swift in Sources */,
				40B6CA342505CE0A0098488E /* AppDelegate.swift in Sources */,
				40B6CA362505CE0A0098488E /* SceneDelegate.swift in Sources */,
			);
			runOnlyForDeploymentPostprocessing = 0;
		};
		40B6CA422505CE110098488E /* Sources */ = {
			isa = PBXSourcesBuildPhase;
			buildActionMask = 2147483647;
			files = (
				40B6CA4B2505CE110098488E /* tipTests.swift in Sources */,
			);
			runOnlyForDeploymentPostprocessing = 0;
		};
		40B6CA4D2505CE120098488E /* Sources */ = {
			isa = PBXSourcesBuildPhase;
			buildActionMask = 2147483647;
			files = (
				40B6CA562505CE120098488E /* tipUITests.swift in Sources */,
			);
			runOnlyForDeploymentPostprocessing = 0;
		};
/* End PBXSourcesBuildPhase section */

/* Begin PBXTargetDependency section */
		40B6CA482505CE110098488E /* PBXTargetDependency */ = {
			isa = PBXTargetDependency;
			target = 40B6CA2F2505CE0A0098488E /* tip */;
			targetProxy = 40B6CA472505CE110098488E /* PBXContainerItemProxy */;
		};
		40B6CA532505CE120098488E /* PBXTargetDependency */ = {
			isa = PBXTargetDependency;
			target = 40B6CA2F2505CE0A0098488E /* tip */;
			targetProxy = 40B6CA522505CE120098488E /* PBXContainerItemProxy */;
		};
/* End PBXTargetDependency section */

/* Begin PBXVariantGroup section */
		40B6CA392505CE0A0098488E /* Main.storyboard */ = {
			isa = PBXVariantGroup;
			children = (
				40B6CA3A2505CE0A0098488E /* Base */,
			);
			name = Main.storyboard;
			sourceTree = "<group>";
		};
		40B6CA3E2505CE110098488E /* LaunchScreen.storyboard */ = {
			isa = PBXVariantGroup;
			children = (
				40B6CA3F2505CE110098488E /* Base */,
			);
			name = LaunchScreen.storyboard;
			sourceTree = "<group>";
		};
/* End PBXVariantGroup section */

/* Begin XCBuildConfiguration section */
		40B6CA582505CE120098488E /* Debug */ = {
			isa = XCBuildConfiguration;
			buildSettings = {
				ALWAYS_SEARCH_USER_PATHS = NO;
				CLANG_ANALYZER_NONNULL = YES;
				CLANG_ANALYZER_NUMBER_OBJECT_CONVERSION = YES_AGGRESSIVE;
				CLANG_CXX_LANGUAGE_STANDARD = "gnu++14";
				CLANG_CXX_LIBRARY = "libc++";
				CLANG_ENABLE_MODULES = YES;
				CLANG_ENABLE_OBJC_ARC = YES;
				CLANG_ENABLE_OBJC_WEAK = YES;
				CLANG_WARN_BLOCK_CAPTURE_AUTORELEASING = YES;
				CLANG_WARN_BOOL_CONVERSION = YES;
				CLANG_WARN_COMMA = YES;
				CLANG_WARN_CONSTANT_CONVERSION = YES;
				CLANG_WARN_DEPRECATED_OBJC_IMPLEMENTATIONS = YES;
				CLANG_WARN_DIRECT_OBJC_ISA_USAGE = YES_ERROR;
				CLANG_WARN_DOCUMENTATION_COMMENTS = YES;
				CLANG_WARN_EMPTY_BODY = YES;
				CLANG_WARN_ENUM_CONVERSION = YES;
				CLANG_WARN_INFINITE_RECURSION = YES;
				CLANG_WARN_INT_CONVERSION = YES;
				CLANG_WARN_NON_LITERAL_NULL_CONVERSION = YES;
				CLANG_WARN_OBJC_IMPLICIT_RETAIN_SELF = YES;
				CLANG_WARN_OBJC_LITERAL_CONVERSION = YES;
				CLANG_WARN_OBJC_ROOT_CLASS = YES_ERROR;
				CLANG_WARN_RANGE_LOOP_ANALYSIS = YES;
				CLANG_WARN_STRICT_PROTOTYPES = YES;
				CLANG_WARN_SUSPICIOUS_MOVE = YES;
				CLANG_WARN_UNGUARDED_AVAILABILITY = YES_AGGRESSIVE;
				CLANG_WARN_UNREACHABLE_CODE = YES;
				CLANG_WARN__DUPLICATE_METHOD_MATCH = YES;
				COPY_PHASE_STRIP = NO;
				DEBUG_INFORMATION_FORMAT = dwarf;
				ENABLE_STRICT_OBJC_MSGSEND = YES;
				ENABLE_TESTABILITY = YES;
				GCC_C_LANGUAGE_STANDARD = gnu11;
				GCC_DYNAMIC_NO_PIC = NO;
				GCC_NO_COMMON_BLOCKS = YES;
				GCC_OPTIMIZATION_LEVEL = 0;
				GCC_PREPROCESSOR_DEFINITIONS = (
					"DEBUG=1",
					"$(inherited)",
				);
				GCC_WARN_64_TO_32_BIT_CONVERSION = YES;
				GCC_WARN_ABOUT_RETURN_TYPE = YES_ERROR;
				GCC_WARN_UNDECLARED_SELECTOR = YES;
				GCC_WARN_UNINITIALIZED_AUTOS = YES_AGGRESSIVE;
				GCC_WARN_UNUSED_FUNCTION = YES;
				GCC_WARN_UNUSED_VARIABLE = YES;
				IPHONEOS_DEPLOYMENT_TARGET = 13.4;
				MTL_ENABLE_DEBUG_INFO = INCLUDE_SOURCE;
				MTL_FAST_MATH = YES;
				ONLY_ACTIVE_ARCH = YES;
				SDKROOT = iphoneos;
				SWIFT_ACTIVE_COMPILATION_CONDITIONS = DEBUG;
				SWIFT_OPTIMIZATION_LEVEL = "-Onone";
			};
			name = Debug;
		};
		40B6CA592505CE120098488E /* Release */ = {
			isa = XCBuildConfiguration;
			buildSettings = {
				ALWAYS_SEARCH_USER_PATHS = NO;
				CLANG_ANALYZER_NONNULL = YES;
				CLANG_ANALYZER_NUMBER_OBJECT_CONVERSION = YES_AGGRESSIVE;
				CLANG_CXX_LANGUAGE_STANDARD = "gnu++14";
				CLANG_CXX_LIBRARY = "libc++";
				CLANG_ENABLE_MODULES = YES;
				CLANG_ENABLE_OBJC_ARC = YES;
				CLANG_ENABLE_OBJC_WEAK = YES;
				CLANG_WARN_BLOCK_CAPTURE_AUTORELEASING = YES;
				CLANG_WARN_BOOL_CONVERSION = YES;
				CLANG_WARN_COMMA = YES;
				CLANG_WARN_CONSTANT_CONVERSION = YES;
				CLANG_WARN_DEPRECATED_OBJC_IMPLEMENTATIONS = YES;
				CLANG_WARN_DIRECT_OBJC_ISA_USAGE = YES_ERROR;
				CLANG_WARN_DOCUMENTATION_COMMENTS = YES;
				CLANG_WARN_EMPTY_BODY = YES;
				CLANG_WARN_ENUM_CONVERSION = YES;
				CLANG_WARN_INFINITE_RECURSION = YES;
				CLANG_WARN_INT_CONVERSION = YES;
				CLANG_WARN_NON_LITERAL_NULL_CONVERSION = YES;
				CLANG_WARN_OBJC_IMPLICIT_RETAIN_SELF = YES;
				CLANG_WARN_OBJC_LITERAL_CONVERSION = YES;
				CLANG_WARN_OBJC_ROOT_CLASS = YES_ERROR;
				CLANG_WARN_RANGE_LOOP_ANALYSIS = YES;
				CLANG_WARN_STRICT_PROTOTYPES = YES;
				CLANG_WARN_SUSPICIOUS_MOVE = YES;
				CLANG_WARN_UNGUARDED_AVAILABILITY = YES_AGGRESSIVE;
				CLANG_WARN_UNREACHABLE_CODE = YES;
				CLANG_WARN__DUPLICATE_METHOD_MATCH = YES;
				COPY_PHASE_STRIP = NO;
				DEBUG_INFORMATION_FORMAT = "dwarf-with-dsym";
				ENABLE_NS_ASSERTIONS = NO;
				ENABLE_STRICT_OBJC_MSGSEND = YES;
				GCC_C_LANGUAGE_STANDARD = gnu11;
				GCC_NO_COMMON_BLOCKS = YES;
				GCC_WARN_64_TO_32_BIT_CONVERSION = YES;
				GCC_WARN_ABOUT_RETURN_TYPE = YES_ERROR;
				GCC_WARN_UNDECLARED_SELECTOR = YES;
				GCC_WARN_UNINITIALIZED_AUTOS = YES_AGGRESSIVE;
				GCC_WARN_UNUSED_FUNCTION = YES;
				GCC_WARN_UNUSED_VARIABLE = YES;
				IPHONEOS_DEPLOYMENT_TARGET = 13.4;
				MTL_ENABLE_DEBUG_INFO = NO;
				MTL_FAST_MATH = YES;
				SDKROOT = iphoneos;
				SWIFT_COMPILATION_MODE = wholemodule;
				SWIFT_OPTIMIZATION_LEVEL = "-O";
				VALIDATE_PRODUCT = YES;
			};
			name = Release;
		};
		40B6CA5B2505CE120098488E /* Debug */ = {
			isa = XCBuildConfiguration;
			buildSettings = {
				ASSETCATALOG_COMPILER_APPICON_NAME = AppIcon;
				CODE_SIGN_STYLE = Automatic;
				INFOPLIST_FILE = tip/Info.plist;
				LD_RUNPATH_SEARCH_PATHS = (
					"$(inherited)",
					"@executable_path/Frameworks",
				);
				PRODUCT_BUNDLE_IDENTIFIER = Codepath.tip;
				PRODUCT_NAME = "$(TARGET_NAME)";
				SWIFT_VERSION = 5.0;
				TARGETED_DEVICE_FAMILY = "1,2";
			};
			name = Debug;
		};
		40B6CA5C2505CE120098488E /* Release */ = {
			isa = XCBuildConfiguration;
			buildSettings = {
				ASSETCATALOG_COMPILER_APPICON_NAME = AppIcon;
				CODE_SIGN_STYLE = Automatic;
				INFOPLIST_FILE = tip/Info.plist;
				LD_RUNPATH_SEARCH_PATHS = (
					"$(inherited)",
					"@executable_path/Frameworks",
				);
				PRODUCT_BUNDLE_IDENTIFIER = Codepath.tip;
				PRODUCT_NAME = "$(TARGET_NAME)";
				SWIFT_VERSION = 5.0;
				TARGETED_DEVICE_FAMILY = "1,2";
			};
			name = Release;
		};
		40B6CA5E2505CE120098488E /* Debug */ = {
			isa = XCBuildConfiguration;
			buildSettings = {
				ALWAYS_EMBED_SWIFT_STANDARD_LIBRARIES = YES;
				BUNDLE_LOADER = "$(TEST_HOST)";
				CODE_SIGN_STYLE = Automatic;
				INFOPLIST_FILE = tipTests/Info.plist;
				IPHONEOS_DEPLOYMENT_TARGET = 13.4;
				LD_RUNPATH_SEARCH_PATHS = (
					"$(inherited)",
					"@executable_path/Frameworks",
					"@loader_path/Frameworks",
				);
				PRODUCT_BUNDLE_IDENTIFIER = Codepath.tipTests;
				PRODUCT_NAME = "$(TARGET_NAME)";
				SWIFT_VERSION = 5.0;
				TARGETED_DEVICE_FAMILY = "1,2";
				TEST_HOST = "$(BUILT_PRODUCTS_DIR)/tip.app/tip";
			};
			name = Debug;
		};
		40B6CA5F2505CE120098488E /* Release */ = {
			isa = XCBuildConfiguration;
			buildSettings = {
				ALWAYS_EMBED_SWIFT_STANDARD_LIBRARIES = YES;
				BUNDLE_LOADER = "$(TEST_HOST)";
				CODE_SIGN_STYLE = Automatic;
				INFOPLIST_FILE = tipTests/Info.plist;
				IPHONEOS_DEPLOYMENT_TARGET = 13.4;
				LD_RUNPATH_SEARCH_PATHS = (
					"$(inherited)",
					"@executable_path/Frameworks",
					"@loader_path/Frameworks",
				);
				PRODUCT_BUNDLE_IDENTIFIER = Codepath.tipTests;
				PRODUCT_NAME = "$(TARGET_NAME)";
				SWIFT_VERSION = 5.0;
				TARGETED_DEVICE_FAMILY = "1,2";
				TEST_HOST = "$(BUILT_PRODUCTS_DIR)/tip.app/tip";
			};
			name = Release;
		};
		40B6CA612505CE120098488E /* Debug */ = {
			isa = XCBuildConfiguration;
			buildSettings = {
				ALWAYS_EMBED_SWIFT_STANDARD_LIBRARIES = YES;
				CODE_SIGN_STYLE = Automatic;
				INFOPLIST_FILE = tipUITests/Info.plist;
				LD_RUNPATH_SEARCH_PATHS = (
					"$(inherited)",
					"@executable_path/Frameworks",
					"@loader_path/Frameworks",
				);
				PRODUCT_BUNDLE_IDENTIFIER = Codepath.tipUITests;
				PRODUCT_NAME = "$(TARGET_NAME)";
				SWIFT_VERSION = 5.0;
				TARGETED_DEVICE_FAMILY = "1,2";
				TEST_TARGET_NAME = tip;
			};
			name = Debug;
		};
		40B6CA622505CE120098488E /* Release */ = {
			isa = XCBuildConfiguration;
			buildSettings = {
				ALWAYS_EMBED_SWIFT_STANDARD_LIBRARIES = YES;
				CODE_SIGN_STYLE = Automatic;
				INFOPLIST_FILE = tipUITests/Info.plist;
				LD_RUNPATH_SEARCH_PATHS = (
					"$(inherited)",
					"@executable_path/Frameworks",
					"@loader_path/Frameworks",
				);
				PRODUCT_BUNDLE_IDENTIFIER = Codepath.tipUITests;
				PRODUCT_NAME = "$(TARGET_NAME)";
				SWIFT_VERSION = 5.0;
				TARGETED_DEVICE_FAMILY = "1,2";
				TEST_TARGET_NAME = tip;
			};
			name = Release;
		};
/* End XCBuildConfiguration section */

/* Begin XCConfigurationList section */
		40B6CA2B2505CE0A0098488E /* Build configuration list for PBXProject "tip" */ = {
			isa = XCConfigurationList;
			buildConfigurations = (
				40B6CA582505CE120098488E /* Debug */,
				40B6CA592505CE120098488E /* Release */,
			);
			defaultConfigurationIsVisible = 0;
			defaultConfigurationName = Release;
		};
		40B6CA5A2505CE120098488E /* Build configuration list for PBXNativeTarget "tip" */ = {
			isa = XCConfigurationList;
			buildConfigurations = (
				40B6CA5B2505CE120098488E /* Debug */,
				40B6CA5C2505CE120098488E /* Release */,
			);
			defaultConfigurationIsVisible = 0;
			defaultConfigurationName = Release;
		};
		40B6CA5D2505CE120098488E /* Build configuration list for PBXNativeTarget "tipTests" */ = {
			isa = XCConfigurationList;
			buildConfigurations = (
				40B6CA5E2505CE120098488E /* Debug */,
				40B6CA5F2505CE120098488E /* Release */,
			);
			defaultConfigurationIsVisible = 0;
			defaultConfigurationName = Release;
		};
		40B6CA602505CE120098488E /* Build configuration list for PBXNativeTarget "tipUITests" */ = {
			isa = XCConfigurationList;
			buildConfigurations = (
				40B6CA612505CE120098488E /* Debug */,
				40B6CA622505CE120098488E /* Release */,
			);
			defaultConfigurationIsVisible = 0;
			defaultConfigurationName = Release;
		};
/* End XCConfigurationList section */
	};
	rootObject = 40B6CA282505CE0A0098488E /* Project object */;
}
